// !$*UTF8*$!
{
	archiveVersion = 1;
	classes = {
	};
	objectVersion = 56;
	objects = {

/* Begin PBXBuildFile section */
		495A72A829A613FC0034A7A9 /* AlpacaDeviceAPI.swift in Sources */ = {isa = PBXBuildFile; fileRef = 495A72A729A613FC0034A7A9 /* AlpacaDeviceAPI.swift */; };
		495A72AA29A6141E0034A7A9 /* CommonService.swift in Sources */ = {isa = PBXBuildFile; fileRef = 495A72A929A6141E0034A7A9 /* CommonService.swift */; };
		495A72AC29A75DEE0034A7A9 /* FocuserService.swift in Sources */ = {isa = PBXBuildFile; fileRef = 495A72AB29A75DEE0034A7A9 /* FocuserService.swift */; };
		495A72AE29A779510034A7A9 /* AlpacaClientTransactionInfo.swift in Sources */ = {isa = PBXBuildFile; fileRef = 495A72AD29A779510034A7A9 /* AlpacaClientTransactionInfo.swift */; };
		495A72B029A77E750034A7A9 /* AlpacaClientBaseAPIService.swift in Sources */ = {isa = PBXBuildFile; fileRef = 495A72AF29A77E750034A7A9 /* AlpacaClientBaseAPIService.swift */; };
		4963FDBC299E553D006EEDCF /* HTTPDownloader.swift in Sources */ = {isa = PBXBuildFile; fileRef = 4963FDBB299E553D006EEDCF /* HTTPDownloader.swift */; };
		4963FDBE299E566D006EEDCF /* HTTPOperation.swift in Sources */ = {isa = PBXBuildFile; fileRef = 4963FDBD299E566D006EEDCF /* HTTPOperation.swift */; };
		4963FDC0299E5F0C006EEDCF /* NetworkManager.swift in Sources */ = {isa = PBXBuildFile; fileRef = 4963FDBF299E5F0C006EEDCF /* NetworkManager.swift */; };
		4963FDC4299E614F006EEDCF /* Service.swift in Sources */ = {isa = PBXBuildFile; fileRef = 4963FDC3299E614F006EEDCF /* Service.swift */; };
		4963FDC7299E6884006EEDCF /* Decodable + Extension.swift in Sources */ = {isa = PBXBuildFile; fileRef = 4963FDC6299E6884006EEDCF /* Decodable + Extension.swift */; };
		4963FDCA299E6931006EEDCF /* Log.swift in Sources */ = {isa = PBXBuildFile; fileRef = 4963FDC9299E6931006EEDCF /* Log.swift */; };
		4963FDCC299E989C006EEDCF /* AlpacaManagement.swift in Sources */ = {isa = PBXBuildFile; fileRef = 4963FDCB299E989C006EEDCF /* AlpacaManagement.swift */; };
		4963FDCE299E9DBE006EEDCF /* AlpacaDiscovery.swift in Sources */ = {isa = PBXBuildFile; fileRef = 4963FDCD299E9DBE006EEDCF /* AlpacaDiscovery.swift */; };
		4967D44029913FBD00592094 /* AppDelegate.swift in Sources */ = {isa = PBXBuildFile; fileRef = 4967D43F29913FBD00592094 /* AppDelegate.swift */; };
		4967D44229913FBD00592094 /* SceneDelegate.swift in Sources */ = {isa = PBXBuildFile; fileRef = 4967D44129913FBD00592094 /* SceneDelegate.swift */; };
		4967D44929913FC000592094 /* Assets.xcassets in Resources */ = {isa = PBXBuildFile; fileRef = 4967D44829913FC000592094 /* Assets.xcassets */; };
		4967D44C29913FC000592094 /* LaunchScreen.storyboard in Resources */ = {isa = PBXBuildFile; fileRef = 4967D44A29913FC000592094 /* LaunchScreen.storyboard */; };
		497D056B2997A53700915009 /* CocoaAsyncSocket in Frameworks */ = {isa = PBXBuildFile; productRef = 497D056A2997A53700915009 /* CocoaAsyncSocket */; };
		497D056E299BF47600915009 /* DiscoveryService.swift in Sources */ = {isa = PBXBuildFile; fileRef = 497D056D299BF47600915009 /* DiscoveryService.swift */; };
		49BB6E3929A136C2006BE54D /* DiscoveryCoordinator.swift in Sources */ = {isa = PBXBuildFile; fileRef = 49BB6E3829A136C2006BE54D /* DiscoveryCoordinator.swift */; };
		49BB6E3B29A136D2006BE54D /* DiscoveryViewController.swift in Sources */ = {isa = PBXBuildFile; fileRef = 49BB6E3A29A136D2006BE54D /* DiscoveryViewController.swift */; };
		49BB6E3D29A136E4006BE54D /* DiscoveryViewModel.swift in Sources */ = {isa = PBXBuildFile; fileRef = 49BB6E3C29A136E4006BE54D /* DiscoveryViewModel.swift */; };
		49BB6E3F29A143C4006BE54D /* UIImage + Extension.swift in Sources */ = {isa = PBXBuildFile; fileRef = 49BB6E3E29A143C4006BE54D /* UIImage + Extension.swift */; };
		49BB6E4129A1474A006BE54D /* BaseViewController.swift in Sources */ = {isa = PBXBuildFile; fileRef = 49BB6E4029A1474A006BE54D /* BaseViewController.swift */; };
		49BB6E4329A26897006BE54D /* UIView + Extension.swift in Sources */ = {isa = PBXBuildFile; fileRef = 49BB6E4229A26897006BE54D /* UIView + Extension.swift */; };
		49BB6E4629A36D60006BE54D /* DiscoveredDeviceCollectionViewCell.swift in Sources */ = {isa = PBXBuildFile; fileRef = 49BB6E4529A36D60006BE54D /* DiscoveredDeviceCollectionViewCell.swift */; };
		49BB6E4829A370CA006BE54D /* UICollectionViewCell + Extension.swift in Sources */ = {isa = PBXBuildFile; fileRef = 49BB6E4729A370CA006BE54D /* UICollectionViewCell + Extension.swift */; };
		49BB6E4A29A399EC006BE54D /* UINavigationBar + Extension.swift in Sources */ = {isa = PBXBuildFile; fileRef = 49BB6E4929A399EC006BE54D /* UINavigationBar + Extension.swift */; };
		49BB6E5429A3F2ED006BE54D /* DiscoveryDeviceSelectorViewController.swift in Sources */ = {isa = PBXBuildFile; fileRef = 49BB6E5329A3F2ED006BE54D /* DiscoveryDeviceSelectorViewController.swift */; };
		49C54BC529A4AF73007C6B82 /* DiscoveryDeviceSelectorViewModel.swift in Sources */ = {isa = PBXBuildFile; fileRef = 49C54BC429A4AF73007C6B82 /* DiscoveryDeviceSelectorViewModel.swift */; };
		49C54BC729A53917007C6B82 /* ConfiguredDeviceCollectionViewCell.swift in Sources */ = {isa = PBXBuildFile; fileRef = 49C54BC629A53917007C6B82 /* ConfiguredDeviceCollectionViewCell.swift */; };
/* End PBXBuildFile section */

/* Begin PBXFileReference section */
		495A72A729A613FC0034A7A9 /* AlpacaDeviceAPI.swift */ = {isa = PBXFileReference; lastKnownFileType = sourcecode.swift; path = AlpacaDeviceAPI.swift; sourceTree = "<group>"; };
		495A72A929A6141E0034A7A9 /* CommonService.swift */ = {isa = PBXFileReference; lastKnownFileType = sourcecode.swift; path = CommonService.swift; sourceTree = "<group>"; };
		495A72AB29A75DEE0034A7A9 /* FocuserService.swift */ = {isa = PBXFileReference; lastKnownFileType = sourcecode.swift; path = FocuserService.swift; sourceTree = "<group>"; };
		495A72AD29A779510034A7A9 /* AlpacaClientTransactionInfo.swift */ = {isa = PBXFileReference; lastKnownFileType = sourcecode.swift; path = AlpacaClientTransactionInfo.swift; sourceTree = "<group>"; };
		495A72AF29A77E750034A7A9 /* AlpacaClientBaseAPIService.swift */ = {isa = PBXFileReference; lastKnownFileType = sourcecode.swift; path = AlpacaClientBaseAPIService.swift; sourceTree = "<group>"; };
		4963FDBB299E553D006EEDCF /* HTTPDownloader.swift */ = {isa = PBXFileReference; lastKnownFileType = sourcecode.swift; path = HTTPDownloader.swift; sourceTree = "<group>"; };
		4963FDBD299E566D006EEDCF /* HTTPOperation.swift */ = {isa = PBXFileReference; lastKnownFileType = sourcecode.swift; path = HTTPOperation.swift; sourceTree = "<group>"; };
		4963FDBF299E5F0C006EEDCF /* NetworkManager.swift */ = {isa = PBXFileReference; lastKnownFileType = sourcecode.swift; path = NetworkManager.swift; sourceTree = "<group>"; };
		4963FDC3299E614F006EEDCF /* Service.swift */ = {isa = PBXFileReference; lastKnownFileType = sourcecode.swift; path = Service.swift; sourceTree = "<group>"; };
		4963FDC6299E6884006EEDCF /* Decodable + Extension.swift */ = {isa = PBXFileReference; lastKnownFileType = sourcecode.swift; path = "Decodable + Extension.swift"; sourceTree = "<group>"; };
		4963FDC9299E6931006EEDCF /* Log.swift */ = {isa = PBXFileReference; lastKnownFileType = sourcecode.swift; path = Log.swift; sourceTree = "<group>"; };
		4963FDCB299E989C006EEDCF /* AlpacaManagement.swift */ = {isa = PBXFileReference; lastKnownFileType = sourcecode.swift; path = AlpacaManagement.swift; sourceTree = "<group>"; };
		4963FDCD299E9DBE006EEDCF /* AlpacaDiscovery.swift */ = {isa = PBXFileReference; lastKnownFileType = sourcecode.swift; path = AlpacaDiscovery.swift; sourceTree = "<group>"; };
		4967D43C29913FBD00592094 /* AlpacaClient.app */ = {isa = PBXFileReference; explicitFileType = wrapper.application; includeInIndex = 0; path = AlpacaClient.app; sourceTree = BUILT_PRODUCTS_DIR; };
		4967D43F29913FBD00592094 /* AppDelegate.swift */ = {isa = PBXFileReference; lastKnownFileType = sourcecode.swift; path = AppDelegate.swift; sourceTree = "<group>"; };
		4967D44129913FBD00592094 /* SceneDelegate.swift */ = {isa = PBXFileReference; lastKnownFileType = sourcecode.swift; path = SceneDelegate.swift; sourceTree = "<group>"; };
		4967D44829913FC000592094 /* Assets.xcassets */ = {isa = PBXFileReference; lastKnownFileType = folder.assetcatalog; path = Assets.xcassets; sourceTree = "<group>"; };
		4967D44B29913FC000592094 /* Base */ = {isa = PBXFileReference; lastKnownFileType = file.storyboard; name = Base; path = Base.lproj/LaunchScreen.storyboard; sourceTree = "<group>"; };
		4967D44D29913FC000592094 /* Info.plist */ = {isa = PBXFileReference; lastKnownFileType = text.plist.xml; path = Info.plist; sourceTree = "<group>"; };
		496814B32993BCD900961BF6 /* AlpacaClientDebug.entitlements */ = {isa = PBXFileReference; lastKnownFileType = text.plist.entitlements; path = AlpacaClientDebug.entitlements; sourceTree = "<group>"; };
		497D056D299BF47600915009 /* DiscoveryService.swift */ = {isa = PBXFileReference; lastKnownFileType = sourcecode.swift; path = DiscoveryService.swift; sourceTree = "<group>"; };
		49BB6E3829A136C2006BE54D /* DiscoveryCoordinator.swift */ = {isa = PBXFileReference; lastKnownFileType = sourcecode.swift; path = DiscoveryCoordinator.swift; sourceTree = "<group>"; };
		49BB6E3A29A136D2006BE54D /* DiscoveryViewController.swift */ = {isa = PBXFileReference; lastKnownFileType = sourcecode.swift; path = DiscoveryViewController.swift; sourceTree = "<group>"; };
		49BB6E3C29A136E4006BE54D /* DiscoveryViewModel.swift */ = {isa = PBXFileReference; lastKnownFileType = sourcecode.swift; path = DiscoveryViewModel.swift; sourceTree = "<group>"; };
		49BB6E3E29A143C4006BE54D /* UIImage + Extension.swift */ = {isa = PBXFileReference; lastKnownFileType = sourcecode.swift; path = "UIImage + Extension.swift"; sourceTree = "<group>"; };
		49BB6E4029A1474A006BE54D /* BaseViewController.swift */ = {isa = PBXFileReference; lastKnownFileType = sourcecode.swift; path = BaseViewController.swift; sourceTree = "<group>"; };
		49BB6E4229A26897006BE54D /* UIView + Extension.swift */ = {isa = PBXFileReference; lastKnownFileType = sourcecode.swift; path = "UIView + Extension.swift"; sourceTree = "<group>"; };
		49BB6E4529A36D60006BE54D /* DiscoveredDeviceCollectionViewCell.swift */ = {isa = PBXFileReference; lastKnownFileType = sourcecode.swift; path = DiscoveredDeviceCollectionViewCell.swift; sourceTree = "<group>"; };
		49BB6E4729A370CA006BE54D /* UICollectionViewCell + Extension.swift */ = {isa = PBXFileReference; lastKnownFileType = sourcecode.swift; path = "UICollectionViewCell + Extension.swift"; sourceTree = "<group>"; };
		49BB6E4929A399EC006BE54D /* UINavigationBar + Extension.swift */ = {isa = PBXFileReference; lastKnownFileType = sourcecode.swift; path = "UINavigationBar + Extension.swift"; sourceTree = "<group>"; };
		49BB6E5329A3F2ED006BE54D /* DiscoveryDeviceSelectorViewController.swift */ = {isa = PBXFileReference; lastKnownFileType = sourcecode.swift; path = DiscoveryDeviceSelectorViewController.swift; sourceTree = "<group>"; };
		49C54BC429A4AF73007C6B82 /* DiscoveryDeviceSelectorViewModel.swift */ = {isa = PBXFileReference; lastKnownFileType = sourcecode.swift; path = DiscoveryDeviceSelectorViewModel.swift; sourceTree = "<group>"; };
		49C54BC629A53917007C6B82 /* ConfiguredDeviceCollectionViewCell.swift */ = {isa = PBXFileReference; lastKnownFileType = sourcecode.swift; path = ConfiguredDeviceCollectionViewCell.swift; sourceTree = "<group>"; };
/* End PBXFileReference section */

/* Begin PBXFrameworksBuildPhase section */
		4967D43929913FBD00592094 /* Frameworks */ = {
			isa = PBXFrameworksBuildPhase;
			buildActionMask = 2147483647;
			files = (
				497D056B2997A53700915009 /* CocoaAsyncSocket in Frameworks */,
			);
			runOnlyForDeploymentPostprocessing = 0;
		};
/* End PBXFrameworksBuildPhase section */

/* Begin PBXGroup section */
		495A72A629A613E80034A7A9 /* DeviceAPI */ = {
			isa = PBXGroup;
			children = (
				495A72A929A6141E0034A7A9 /* CommonService.swift */,
				495A72AB29A75DEE0034A7A9 /* FocuserService.swift */,
			);
			path = DeviceAPI;
			sourceTree = "<group>";
		};
		4963FDBA299E551F006EEDCF /* NetworkManagement */ = {
			isa = PBXGroup;
			children = (
				4963FDBB299E553D006EEDCF /* HTTPDownloader.swift */,
				4963FDBD299E566D006EEDCF /* HTTPOperation.swift */,
				4963FDBF299E5F0C006EEDCF /* NetworkManager.swift */,
			);
			path = NetworkManagement;
			sourceTree = "<group>";
		};
		4963FDC1299E6108006EEDCF /* Management */ = {
			isa = PBXGroup;
			children = (
				4963FDC3299E614F006EEDCF /* Service.swift */,
			);
			path = Management;
			sourceTree = "<group>";
		};
		4963FDC2299E6121006EEDCF /* Alpaca */ = {
			isa = PBXGroup;
			children = (
				495A72A629A613E80034A7A9 /* DeviceAPI */,
				497D056C299BF45A00915009 /* Discovery */,
				4963FDC1299E6108006EEDCF /* Management */,
				4963FDCB299E989C006EEDCF /* AlpacaManagement.swift */,
				4963FDCD299E9DBE006EEDCF /* AlpacaDiscovery.swift */,
				495A72A729A613FC0034A7A9 /* AlpacaDeviceAPI.swift */,
				495A72AD29A779510034A7A9 /* AlpacaClientTransactionInfo.swift */,
				495A72AF29A77E750034A7A9 /* AlpacaClientBaseAPIService.swift */,
			);
			path = Alpaca;
			sourceTree = "<group>";
		};
		4963FDC5299E686F006EEDCF /* Extensions */ = {
			isa = PBXGroup;
			children = (
				4963FDC6299E6884006EEDCF /* Decodable + Extension.swift */,
				49BB6E3E29A143C4006BE54D /* UIImage + Extension.swift */,
				49BB6E4229A26897006BE54D /* UIView + Extension.swift */,
				49BB6E4729A370CA006BE54D /* UICollectionViewCell + Extension.swift */,
				49BB6E4929A399EC006BE54D /* UINavigationBar + Extension.swift */,
			);
			path = Extensions;
			sourceTree = "<group>";
		};
		4963FDC8299E6923006EEDCF /* Utilities */ = {
			isa = PBXGroup;
			children = (
				4963FDC9299E6931006EEDCF /* Log.swift */,
			);
			path = Utilities;
			sourceTree = "<group>";
		};
		4967D43329913FBD00592094 = {
			isa = PBXGroup;
			children = (
				4967D43E29913FBD00592094 /* AlpacaClient */,
				4967D43D29913FBD00592094 /* Products */,
			);
			sourceTree = "<group>";
		};
		4967D43D29913FBD00592094 /* Products */ = {
			isa = PBXGroup;
			children = (
				4967D43C29913FBD00592094 /* AlpacaClient.app */,
			);
			name = Products;
			sourceTree = "<group>";
		};
		4967D43E29913FBD00592094 /* AlpacaClient */ = {
			isa = PBXGroup;
			children = (
				49BB6E3629A1368A006BE54D /* UI */,
				4963FDC8299E6923006EEDCF /* Utilities */,
				4963FDC5299E686F006EEDCF /* Extensions */,
				4963FDC2299E6121006EEDCF /* Alpaca */,
				4963FDBA299E551F006EEDCF /* NetworkManagement */,
				496814B32993BCD900961BF6 /* AlpacaClientDebug.entitlements */,
				4967D43F29913FBD00592094 /* AppDelegate.swift */,
				4967D44129913FBD00592094 /* SceneDelegate.swift */,
				4967D44829913FC000592094 /* Assets.xcassets */,
				4967D44A29913FC000592094 /* LaunchScreen.storyboard */,
				4967D44D29913FC000592094 /* Info.plist */,
			);
			path = AlpacaClient;
			sourceTree = "<group>";
		};
		497D056C299BF45A00915009 /* Discovery */ = {
			isa = PBXGroup;
			children = (
				497D056D299BF47600915009 /* DiscoveryService.swift */,
			);
			path = Discovery;
			sourceTree = "<group>";
		};
		49BB6E3629A1368A006BE54D /* UI */ = {
			isa = PBXGroup;
			children = (
				49BB6E3729A13697006BE54D /* Discovery */,
				49BB6E4029A1474A006BE54D /* BaseViewController.swift */,
			);
			path = UI;
			sourceTree = "<group>";
		};
		49BB6E3729A13697006BE54D /* Discovery */ = {
			isa = PBXGroup;
			children = (
				49BB6E4429A36D25006BE54D /* Views */,
				49BB6E3829A136C2006BE54D /* DiscoveryCoordinator.swift */,
				49BB6E3A29A136D2006BE54D /* DiscoveryViewController.swift */,
				49BB6E3C29A136E4006BE54D /* DiscoveryViewModel.swift */,
				49BB6E5329A3F2ED006BE54D /* DiscoveryDeviceSelectorViewController.swift */,
				49C54BC429A4AF73007C6B82 /* DiscoveryDeviceSelectorViewModel.swift */,
			);
			path = Discovery;
			sourceTree = "<group>";
		};
		49BB6E4429A36D25006BE54D /* Views */ = {
			isa = PBXGroup;
			children = (
				49BB6E4529A36D60006BE54D /* DiscoveredDeviceCollectionViewCell.swift */,
				49C54BC629A53917007C6B82 /* ConfiguredDeviceCollectionViewCell.swift */,
			);
			path = Views;
			sourceTree = "<group>";
		};
/* End PBXGroup section */

/* Begin PBXNativeTarget section */
		4967D43B29913FBD00592094 /* AlpacaClient */ = {
			isa = PBXNativeTarget;
			buildConfigurationList = 4967D45029913FC000592094 /* Build configuration list for PBXNativeTarget "AlpacaClient" */;
			buildPhases = (
				4967D43829913FBD00592094 /* Sources */,
				4967D43929913FBD00592094 /* Frameworks */,
				4967D43A29913FBD00592094 /* Resources */,
			);
			buildRules = (
			);
			dependencies = (
			);
			name = AlpacaClient;
			packageProductDependencies = (
				497D056A2997A53700915009 /* CocoaAsyncSocket */,
			);
			productName = AlpacaClient;
			productReference = 4967D43C29913FBD00592094 /* AlpacaClient.app */;
			productType = "com.apple.product-type.application";
		};
/* End PBXNativeTarget section */

/* Begin PBXProject section */
		4967D43429913FBD00592094 /* Project object */ = {
			isa = PBXProject;
			attributes = {
				BuildIndependentTargetsInParallel = 1;
				LastSwiftUpdateCheck = 1420;
				LastUpgradeCheck = 1420;
				TargetAttributes = {
					4967D43B29913FBD00592094 = {
						CreatedOnToolsVersion = 14.2;
					};
				};
			};
			buildConfigurationList = 4967D43729913FBD00592094 /* Build configuration list for PBXProject "AlpacaClient" */;
			compatibilityVersion = "Xcode 14.0";
			developmentRegion = en;
			hasScannedForEncodings = 0;
			knownRegions = (
				en,
				Base,
			);
			mainGroup = 4967D43329913FBD00592094;
			packageReferences = (
				497D05692997A53700915009 /* XCRemoteSwiftPackageReference "CocoaAsyncSocket" */,
			);
			productRefGroup = 4967D43D29913FBD00592094 /* Products */;
			projectDirPath = "";
			projectRoot = "";
			targets = (
				4967D43B29913FBD00592094 /* AlpacaClient */,
			);
		};
/* End PBXProject section */

/* Begin PBXResourcesBuildPhase section */
		4967D43A29913FBD00592094 /* Resources */ = {
			isa = PBXResourcesBuildPhase;
			buildActionMask = 2147483647;
			files = (
				4967D44C29913FC000592094 /* LaunchScreen.storyboard in Resources */,
				4967D44929913FC000592094 /* Assets.xcassets in Resources */,
			);
			runOnlyForDeploymentPostprocessing = 0;
		};
/* End PBXResourcesBuildPhase section */

/* Begin PBXSourcesBuildPhase section */
		4967D43829913FBD00592094 /* Sources */ = {
			isa = PBXSourcesBuildPhase;
			buildActionMask = 2147483647;
			files = (
				49C54BC529A4AF73007C6B82 /* DiscoveryDeviceSelectorViewModel.swift in Sources */,
				49BB6E4629A36D60006BE54D /* DiscoveredDeviceCollectionViewCell.swift in Sources */,
				495A72AA29A6141E0034A7A9 /* CommonService.swift in Sources */,
				4963FDC4299E614F006EEDCF /* Service.swift in Sources */,
				49C54BC729A53917007C6B82 /* ConfiguredDeviceCollectionViewCell.swift in Sources */,
				495A72A829A613FC0034A7A9 /* AlpacaDeviceAPI.swift in Sources */,
				4963FDCA299E6931006EEDCF /* Log.swift in Sources */,
				495A72AE29A779510034A7A9 /* AlpacaClientTransactionInfo.swift in Sources */,
				49BB6E3B29A136D2006BE54D /* DiscoveryViewController.swift in Sources */,
				4963FDCC299E989C006EEDCF /* AlpacaManagement.swift in Sources */,
				4963FDBC299E553D006EEDCF /* HTTPDownloader.swift in Sources */,
				4967D44029913FBD00592094 /* AppDelegate.swift in Sources */,
				495A72B029A77E750034A7A9 /* AlpacaClientBaseAPIService.swift in Sources */,
				4963FDCE299E9DBE006EEDCF /* AlpacaDiscovery.swift in Sources */,
				49BB6E4329A26897006BE54D /* UIView + Extension.swift in Sources */,
				495A72AC29A75DEE0034A7A9 /* FocuserService.swift in Sources */,
				4963FDC0299E5F0C006EEDCF /* NetworkManager.swift in Sources */,
				49BB6E4129A1474A006BE54D /* BaseViewController.swift in Sources */,
				4963FDC7299E6884006EEDCF /* Decodable + Extension.swift in Sources */,
				49BB6E3D29A136E4006BE54D /* DiscoveryViewModel.swift in Sources */,
				49BB6E4A29A399EC006BE54D /* UINavigationBar + Extension.swift in Sources */,
				497D056E299BF47600915009 /* DiscoveryService.swift in Sources */,
				49BB6E3929A136C2006BE54D /* DiscoveryCoordinator.swift in Sources */,
				49BB6E3F29A143C4006BE54D /* UIImage + Extension.swift in Sources */,
				4967D44229913FBD00592094 /* SceneDelegate.swift in Sources */,
				49BB6E5429A3F2ED006BE54D /* DiscoveryDeviceSelectorViewController.swift in Sources */,
				4963FDBE299E566D006EEDCF /* HTTPOperation.swift in Sources */,
				49BB6E4829A370CA006BE54D /* UICollectionViewCell + Extension.swift in Sources */,
			);
			runOnlyForDeploymentPostprocessing = 0;
		};
/* End PBXSourcesBuildPhase section */

/* Begin PBXVariantGroup section */
		4967D44A29913FC000592094 /* LaunchScreen.storyboard */ = {
			isa = PBXVariantGroup;
			children = (
				4967D44B29913FC000592094 /* Base */,
			);
			name = LaunchScreen.storyboard;
			sourceTree = "<group>";
		};
/* End PBXVariantGroup section */

/* Begin XCBuildConfiguration section */
		4967D44E29913FC000592094 /* Debug */ = {
			isa = XCBuildConfiguration;
			buildSettings = {
				ALWAYS_SEARCH_USER_PATHS = NO;
				CLANG_ANALYZER_NONNULL = YES;
				CLANG_ANALYZER_NUMBER_OBJECT_CONVERSION = YES_AGGRESSIVE;
				CLANG_CXX_LANGUAGE_STANDARD = "gnu++20";
				CLANG_ENABLE_MODULES = YES;
				CLANG_ENABLE_OBJC_ARC = YES;
				CLANG_ENABLE_OBJC_WEAK = YES;
				CLANG_WARN_BLOCK_CAPTURE_AUTORELEASING = YES;
				CLANG_WARN_BOOL_CONVERSION = YES;
				CLANG_WARN_COMMA = YES;
				CLANG_WARN_CONSTANT_CONVERSION = YES;
				CLANG_WARN_DEPRECATED_OBJC_IMPLEMENTATIONS = YES;
				CLANG_WARN_DIRECT_OBJC_ISA_USAGE = YES_ERROR;
				CLANG_WARN_DOCUMENTATION_COMMENTS = YES;
				CLANG_WARN_EMPTY_BODY = YES;
				CLANG_WARN_ENUM_CONVERSION = YES;
				CLANG_WARN_INFINITE_RECURSION = YES;
				CLANG_WARN_INT_CONVERSION = YES;
				CLANG_WARN_NON_LITERAL_NULL_CONVERSION = YES;
				CLANG_WARN_OBJC_IMPLICIT_RETAIN_SELF = YES;
				CLANG_WARN_OBJC_LITERAL_CONVERSION = YES;
				CLANG_WARN_OBJC_ROOT_CLASS = YES_ERROR;
				CLANG_WARN_QUOTED_INCLUDE_IN_FRAMEWORK_HEADER = YES;
				CLANG_WARN_RANGE_LOOP_ANALYSIS = YES;
				CLANG_WARN_STRICT_PROTOTYPES = YES;
				CLANG_WARN_SUSPICIOUS_MOVE = YES;
				CLANG_WARN_UNGUARDED_AVAILABILITY = YES_AGGRESSIVE;
				CLANG_WARN_UNREACHABLE_CODE = YES;
				CLANG_WARN__DUPLICATE_METHOD_MATCH = YES;
				COPY_PHASE_STRIP = NO;
				DEBUG_INFORMATION_FORMAT = dwarf;
				ENABLE_STRICT_OBJC_MSGSEND = YES;
				ENABLE_TESTABILITY = YES;
				GCC_C_LANGUAGE_STANDARD = gnu11;
				GCC_DYNAMIC_NO_PIC = NO;
				GCC_NO_COMMON_BLOCKS = YES;
				GCC_OPTIMIZATION_LEVEL = 0;
				GCC_PREPROCESSOR_DEFINITIONS = (
					"DEBUG=1",
					"$(inherited)",
				);
				GCC_WARN_64_TO_32_BIT_CONVERSION = YES;
				GCC_WARN_ABOUT_RETURN_TYPE = YES_ERROR;
				GCC_WARN_UNDECLARED_SELECTOR = YES;
				GCC_WARN_UNINITIALIZED_AUTOS = YES_AGGRESSIVE;
				GCC_WARN_UNUSED_FUNCTION = YES;
				GCC_WARN_UNUSED_VARIABLE = YES;
				IPHONEOS_DEPLOYMENT_TARGET = 16.0;
				MTL_ENABLE_DEBUG_INFO = INCLUDE_SOURCE;
				MTL_FAST_MATH = YES;
				ONLY_ACTIVE_ARCH = YES;
				SDKROOT = iphoneos;
				SWIFT_ACTIVE_COMPILATION_CONDITIONS = DEBUG;
				SWIFT_OPTIMIZATION_LEVEL = "-Onone";
			};
			name = Debug;
		};
		4967D44F29913FC000592094 /* Release */ = {
			isa = XCBuildConfiguration;
			buildSettings = {
				ALWAYS_SEARCH_USER_PATHS = NO;
				CLANG_ANALYZER_NONNULL = YES;
				CLANG_ANALYZER_NUMBER_OBJECT_CONVERSION = YES_AGGRESSIVE;
				CLANG_CXX_LANGUAGE_STANDARD = "gnu++20";
				CLANG_ENABLE_MODULES = YES;
				CLANG_ENABLE_OBJC_ARC = YES;
				CLANG_ENABLE_OBJC_WEAK = YES;
				CLANG_WARN_BLOCK_CAPTURE_AUTORELEASING = YES;
				CLANG_WARN_BOOL_CONVERSION = YES;
				CLANG_WARN_COMMA = YES;
				CLANG_WARN_CONSTANT_CONVERSION = YES;
				CLANG_WARN_DEPRECATED_OBJC_IMPLEMENTATIONS = YES;
				CLANG_WARN_DIRECT_OBJC_ISA_USAGE = YES_ERROR;
				CLANG_WARN_DOCUMENTATION_COMMENTS = YES;
				CLANG_WARN_EMPTY_BODY = YES;
				CLANG_WARN_ENUM_CONVERSION = YES;
				CLANG_WARN_INFINITE_RECURSION = YES;
				CLANG_WARN_INT_CONVERSION = YES;
				CLANG_WARN_NON_LITERAL_NULL_CONVERSION = YES;
				CLANG_WARN_OBJC_IMPLICIT_RETAIN_SELF = YES;
				CLANG_WARN_OBJC_LITERAL_CONVERSION = YES;
				CLANG_WARN_OBJC_ROOT_CLASS = YES_ERROR;
				CLANG_WARN_QUOTED_INCLUDE_IN_FRAMEWORK_HEADER = YES;
				CLANG_WARN_RANGE_LOOP_ANALYSIS = YES;
				CLANG_WARN_STRICT_PROTOTYPES = YES;
				CLANG_WARN_SUSPICIOUS_MOVE = YES;
				CLANG_WARN_UNGUARDED_AVAILABILITY = YES_AGGRESSIVE;
				CLANG_WARN_UNREACHABLE_CODE = YES;
				CLANG_WARN__DUPLICATE_METHOD_MATCH = YES;
				COPY_PHASE_STRIP = NO;
				DEBUG_INFORMATION_FORMAT = "dwarf-with-dsym";
				ENABLE_NS_ASSERTIONS = NO;
				ENABLE_STRICT_OBJC_MSGSEND = YES;
				GCC_C_LANGUAGE_STANDARD = gnu11;
				GCC_NO_COMMON_BLOCKS = YES;
				GCC_WARN_64_TO_32_BIT_CONVERSION = YES;
				GCC_WARN_ABOUT_RETURN_TYPE = YES_ERROR;
				GCC_WARN_UNDECLARED_SELECTOR = YES;
				GCC_WARN_UNINITIALIZED_AUTOS = YES_AGGRESSIVE;
				GCC_WARN_UNUSED_FUNCTION = YES;
				GCC_WARN_UNUSED_VARIABLE = YES;
				IPHONEOS_DEPLOYMENT_TARGET = 16.0;
				MTL_ENABLE_DEBUG_INFO = NO;
				MTL_FAST_MATH = YES;
				SDKROOT = iphoneos;
				SWIFT_COMPILATION_MODE = wholemodule;
				SWIFT_OPTIMIZATION_LEVEL = "-O";
				VALIDATE_PRODUCT = YES;
			};
			name = Release;
		};
		4967D45129913FC000592094 /* Debug */ = {
			isa = XCBuildConfiguration;
			buildSettings = {
				ASSETCATALOG_COMPILER_APPICON_NAME = AppIcon;
				ASSETCATALOG_COMPILER_GLOBAL_ACCENT_COLOR_NAME = AccentColor;
				CODE_SIGN_ENTITLEMENTS = AlpacaClient/AlpacaClientDebug.entitlements;
				CODE_SIGN_IDENTITY = "Apple Development";
				"CODE_SIGN_IDENTITY[sdk=iphoneos*]" = "iPhone Developer";
				CODE_SIGN_STYLE = Manual;
				CURRENT_PROJECT_VERSION = 1;
				DEVELOPMENT_TEAM = "";
				"DEVELOPMENT_TEAM[sdk=iphoneos*]" = UA87722P5Q;
				GENERATE_INFOPLIST_FILE = YES;
				INFOPLIST_FILE = AlpacaClient/Info.plist;
				INFOPLIST_KEY_CFBundleDisplayName = AlpacaClient;
				INFOPLIST_KEY_LSApplicationCategoryType = "public.app-category.utilities";
				INFOPLIST_KEY_NSLocalNetworkUsageDescription = "AlpacaClient uses the local network to seek for ASCOM Alpaca devices and connect to them";
				INFOPLIST_KEY_UIApplicationSupportsIndirectInputEvents = YES;
				INFOPLIST_KEY_UILaunchStoryboardName = LaunchScreen;
				INFOPLIST_KEY_UIMainStoryboardFile = "";
				INFOPLIST_KEY_UISupportedInterfaceOrientations = UIInterfaceOrientationPortrait;
				INFOPLIST_KEY_UISupportedInterfaceOrientations_iPad = "UIInterfaceOrientationLandscapeLeft UIInterfaceOrientationLandscapeRight UIInterfaceOrientationPortrait UIInterfaceOrientationPortraitUpsideDown";
				IPHONEOS_DEPLOYMENT_TARGET = 16.0;
				LD_RUNPATH_SEARCH_PATHS = (
					"$(inherited)",
					"@executable_path/Frameworks",
				);
				MARKETING_VERSION = 1.0;
				PRODUCT_BUNDLE_IDENTIFIER = com.serhiiherniak.AlpacaClient;
				PRODUCT_NAME = "$(TARGET_NAME)";
				PROVISIONING_PROFILE_SPECIFIER = "";
				"PROVISIONING_PROFILE_SPECIFIER[sdk=iphoneos*]" = "match development com.serhiiherniak.AlpacaClient";
				SWIFT_EMIT_LOC_STRINGS = YES;
				SWIFT_VERSION = 5.0;
				TARGETED_DEVICE_FAMILY = "1,2";
			};
			name = Debug;
		};
		4967D45229913FC000592094 /* Release */ = {
			isa = XCBuildConfiguration;
			buildSettings = {
				ASSETCATALOG_COMPILER_APPICON_NAME = AppIcon;
				ASSETCATALOG_COMPILER_GLOBAL_ACCENT_COLOR_NAME = AccentColor;
				CODE_SIGN_IDENTITY = "Apple Development";
				"CODE_SIGN_IDENTITY[sdk=iphoneos*]" = "iPhone Distribution";
				CODE_SIGN_STYLE = Manual;
				CURRENT_PROJECT_VERSION = 1;
				DEVELOPMENT_TEAM = "";
				"DEVELOPMENT_TEAM[sdk=iphoneos*]" = UA87722P5Q;
				GENERATE_INFOPLIST_FILE = YES;
				INFOPLIST_FILE = AlpacaClient/Info.plist;
				INFOPLIST_KEY_CFBundleDisplayName = AlpacaClient;
				INFOPLIST_KEY_LSApplicationCategoryType = "public.app-category.utilities";
				INFOPLIST_KEY_NSLocalNetworkUsageDescription = "AlpacaClient uses the local network to seek for ASCOM Alpaca devices and connect to them";
				INFOPLIST_KEY_UIApplicationSupportsIndirectInputEvents = YES;
				INFOPLIST_KEY_UILaunchStoryboardName = LaunchScreen;
				INFOPLIST_KEY_UIMainStoryboardFile = "";
				INFOPLIST_KEY_UISupportedInterfaceOrientations = UIInterfaceOrientationPortrait;
				INFOPLIST_KEY_UISupportedInterfaceOrientations_iPad = "UIInterfaceOrientationLandscapeLeft UIInterfaceOrientationLandscapeRight UIInterfaceOrientationPortrait UIInterfaceOrientationPortraitUpsideDown";
				IPHONEOS_DEPLOYMENT_TARGET = 16.0;
				LD_RUNPATH_SEARCH_PATHS = (
					"$(inherited)",
					"@executable_path/Frameworks",
				);
				MARKETING_VERSION = 1.0;
				PRODUCT_BUNDLE_IDENTIFIER = com.serhiiherniak.AlpacaClient;
				PRODUCT_NAME = "$(TARGET_NAME)";
				PROVISIONING_PROFILE_SPECIFIER = "";
				"PROVISIONING_PROFILE_SPECIFIER[sdk=iphoneos*]" = "match adhoc com.serhiiherniak.AlpacaClient";
				SWIFT_EMIT_LOC_STRINGS = YES;
				SWIFT_VERSION = 5.0;
				TARGETED_DEVICE_FAMILY = "1,2";
			};
			name = Release;
		};
/* End XCBuildConfiguration section */

/* Begin XCConfigurationList section */
		4967D43729913FBD00592094 /* Build configuration list for PBXProject "AlpacaClient" */ = {
			isa = XCConfigurationList;
			buildConfigurations = (
				4967D44E29913FC000592094 /* Debug */,
				4967D44F29913FC000592094 /* Release */,
			);
			defaultConfigurationIsVisible = 0;
			defaultConfigurationName = Release;
		};
		4967D45029913FC000592094 /* Build configuration list for PBXNativeTarget "AlpacaClient" */ = {
			isa = XCConfigurationList;
			buildConfigurations = (
				4967D45129913FC000592094 /* Debug */,
				4967D45229913FC000592094 /* Release */,
			);
			defaultConfigurationIsVisible = 0;
			defaultConfigurationName = Release;
		};
/* End XCConfigurationList section */

/* Begin XCRemoteSwiftPackageReference section */
		497D05692997A53700915009 /* XCRemoteSwiftPackageReference "CocoaAsyncSocket" */ = {
			isa = XCRemoteSwiftPackageReference;
			repositoryURL = "https://github.com/robbiehanson/CocoaAsyncSocket";
			requirement = {
				kind = exactVersion;
				version = 7.6.5;
			};
		};
/* End XCRemoteSwiftPackageReference section */

/* Begin XCSwiftPackageProductDependency section */
		497D056A2997A53700915009 /* CocoaAsyncSocket */ = {
			isa = XCSwiftPackageProductDependency;
			package = 497D05692997A53700915009 /* XCRemoteSwiftPackageReference "CocoaAsyncSocket" */;
			productName = CocoaAsyncSocket;
		};
/* End XCSwiftPackageProductDependency section */
	};
	rootObject = 4967D43429913FBD00592094 /* Project object */;
}
